
Microsoft Visual Studio Solution File, Format Version 12.00
# Visual Studio Version 17
VisualStudioVersion = 17.14.36203.30 d17.14
MinimumVisualStudioVersion = 10.0.40219.1
Project("{FAE04EC0-301F-11D3-BF4B-00C04F79EFBC}") = "MauiApp1", "MauiApp1\MauiApp1.csproj", "{6D650F3D-8DC1-4F8A-83F5-D4C541BDAF30}"
EndProject
Global
	GlobalSection(SolutionConfigurationPlatforms) = preSolution
		Debug|Any CPU = Debug|Any CPU
		Release|Any CPU = Release|Any CPU
	EndGlobalSection
	GlobalSection(ProjectConfigurationPlatforms) = postSolution
		{6D650F3D-8DC1-4F8A-83F5-D4C541BDAF30}.Debug|Any CPU.ActiveCfg = Debug|Any CPU
		{6D650F3D-8DC1-4F8A-83F5-D4C541BDAF30}.Debug|Any CPU.Build.0 = Debug|Any CPU
		{6D650F3D-8DC1-4F8A-83F5-D4C541BDAF30}.Release|Any CPU.ActiveCfg = Release|Any CPU
		{6D650F3D-8DC1-4F8A-83F5-D4C541BDAF30}.Release|Any CPU.Build.0 = Release|Any CPU
	EndGlobalSection
	GlobalSection(SolutionProperties) = preSolution
		HideSolutionNode = FALSE
	EndGlobalSection
	GlobalSection(ExtensibilityGlobals) = postSolution
		SolutionGuid = {071D13C9-9C95-498E-8CD3-A97493DE24AB}
	EndGlobalSection
EndGlobal
